// !$*UTF8*$!
{
	archiveVersion = 1;
	classes = {
	};
	objectVersion = 46;
	objects = {

/* Begin PBXBuildFile section */
		46BE46D01C47205000274722 /* AppDelegate.swift in Sources */ = {isa = PBXBuildFile; fileRef = 46BE46CF1C47205000274722 /* AppDelegate.swift */; };
		46BE46D21C47205000274722 /* ViewController.swift in Sources */ = {isa = PBXBuildFile; fileRef = 46BE46D11C47205000274722 /* ViewController.swift */; };
		46BE46D51C47205000274722 /* Main.storyboard in Resources */ = {isa = PBXBuildFile; fileRef = 46BE46D31C47205000274722 /* Main.storyboard */; };
		46BE46D71C47205000274722 /* Assets.xcassets in Resources */ = {isa = PBXBuildFile; fileRef = 46BE46D61C47205000274722 /* Assets.xcassets */; };
		46BE46DA1C47205000274722 /* LaunchScreen.storyboard in Resources */ = {isa = PBXBuildFile; fileRef = 46BE46D81C47205000274722 /* LaunchScreen.storyboard */; };
/* End PBXBuildFile section */

/* Begin PBXFileReference section */
		46BE46CC1C47205000274722 /* spacecalc.app */ = {isa = PBXFileReference; explicitFileType = wrapper.application; includeInIndex = 0; path = spacecalc.app; sourceTree = BUILT_PRODUCTS_DIR; };
		46BE46CF1C47205000274722 /* AppDelegate.swift */ = {isa = PBXFileReference; lastKnownFileType = sourcecode.swift; path = AppDelegate.swift; sourceTree = "<group>"; };
		46BE46D11C47205000274722 /* ViewController.swift */ = {isa = PBXFileReference; lastKnownFileType = sourcecode.swift; path = ViewController.swift; sourceTree = "<group>"; };
		46BE46D41C47205000274722 /* Base */ = {isa = PBXFileReference; lastKnownFileType = file.storyboard; name = Base; path = Base.lproj/Main.storyboard; sourceTree = "<group>"; };
		46BE46D61C47205000274722 /* Assets.xcassets */ = {isa = PBXFileReference; lastKnownFileType = folder.assetcatalog; path = Assets.xcassets; sourceTree = "<group>"; };
		46BE46D91C47205000274722 /* Base */ = {isa = PBXFileReference; lastKnownFileType = file.storyboard; name = Base; path = Base.lproj/LaunchScreen.storyboard; sourceTree = "<group>"; };
		46BE46DB1C47205000274722 /* Info.plist */ = {isa = PBXFileReference; lastKnownFileType = text.plist.xml; path = Info.plist; sourceTree = "<group>"; };
/* End PBXFileReference section */

/* Begin PBXFrameworksBuildPhase section */
		46BE46C91C47205000274722 /* Frameworks */ = {
			isa = PBXFrameworksBuildPhase;
			buildActionMask = 2147483647;
			files = (
			);
			runOnlyForDeploymentPostprocessing = 0;
		};
/* End PBXFrameworksBuildPhase section */

/* Begin PBXGroup section */
		46BE46C31C47205000274722 = {
			isa = PBXGroup;
			children = (
				46BE46CE1C47205000274722 /* spacecalc */,
				46BE46CD1C47205000274722 /* Products */,
			);
			sourceTree = "<group>";
		};
		46BE46CD1C47205000274722 /* Products */ = {
			isa = PBXGroup;
			children = (
				46BE46CC1C47205000274722 /* spacecalc.app */,
			);
			name = Products;
			sourceTree = "<group>";
		};
		46BE46CE1C47205000274722 /* spacecalc */ = {
			isa = PBXGroup;
			children = (
				46BE46CF1C47205000274722 /* AppDelegate.swift */,
				46BE46D11C47205000274722 /* ViewController.swift */,
				46BE46D31C47205000274722 /* Main.storyboard */,
				46BE46D61C47205000274722 /* Assets.xcassets */,
				46BE46D81C47205000274722 /* LaunchScreen.storyboard */,
				46BE46DB1C47205000274722 /* Info.plist */,
			);
			path = spacecalc;
			sourceTree = "<group>";
		};
/* End PBXGroup section */

/* Begin PBXNativeTarget section */
		46BE46CB1C47205000274722 /* spacecalc */ = {
			isa = PBXNativeTarget;
			buildConfigurationList = 46BE46DE1C47205000274722 /* Build configuration list for PBXNativeTarget "spacecalc" */;
			buildPhases = (
				46BE46C81C47205000274722 /* Sources */,
				46BE46C91C47205000274722 /* Frameworks */,
				46BE46CA1C47205000274722 /* Resources */,
			);
			buildRules = (
			);
			dependencies = (
			);
			name = spacecalc;
			productName = spacecalc;
			productReference = 46BE46CC1C47205000274722 /* spacecalc.app */;
			productType = "com.apple.product-type.application";
		};
/* End PBXNativeTarget section */

/* Begin PBXProject section */
		46BE46C41C47205000274722 /* Project object */ = {
			isa = PBXProject;
			attributes = {
				LastSwiftUpdateCheck = 0720;
				LastUpgradeCheck = 0720;
				ORGANIZATIONNAME = com.orangemelt;
				TargetAttributes = {
					46BE46CB1C47205000274722 = {
						CreatedOnToolsVersion = 7.2;
					};
				};
			};
			buildConfigurationList = 46BE46C71C47205000274722 /* Build configuration list for PBXProject "spacecalc" */;
			compatibilityVersion = "Xcode 3.2";
			developmentRegion = English;
			hasScannedForEncodings = 0;
			knownRegions = (
				en,
				Base,
			);
			mainGroup = 46BE46C31C47205000274722;
			productRefGroup = 46BE46CD1C47205000274722 /* Products */;
			projectDirPath = "";
			projectRoot = "";
			targets = (
				46BE46CB1C47205000274722 /* spacecalc */,
			);
		};
/* End PBXProject section */

/* Begin PBXResourcesBuildPhase section */
		46BE46CA1C47205000274722 /* Resources */ = {
			isa = PBXResourcesBuildPhase;
			buildActionMask = 2147483647;
			files = (
				46BE46DA1C47205000274722 /* LaunchScreen.storyboard in Resources */,
				46BE46D71C47205000274722 /* Assets.xcassets in Resources */,
				46BE46D51C47205000274722 /* Main.storyboard in Resources */,
			);
			runOnlyForDeploymentPostprocessing = 0;
		};
/* End PBXResourcesBuildPhase section */

/* Begin PBXSourcesBuildPhase section */
		46BE46C81C47205000274722 /* Sources */ = {
			isa = PBXSourcesBuildPhase;
			buildActionMask = 2147483647;
			files = (
				46BE46D21C47205000274722 /* ViewController.swift in Sources */,
				46BE46D01C47205000274722 /* AppDelegate.swift in Sources */,
			);
			runOnlyForDeploymentPostprocessing = 0;
		};
/* End PBXSourcesBuildPhase section */

/* Begin PBXVariantGroup section */
		46BE46D31C47205000274722 /* Main.storyboard */ = {
			isa = PBXVariantGroup;
			children = (
				46BE46D41C47205000274722 /* Base */,
			);
			name = Main.storyboard;
			sourceTree = "<group>";
		};
		46BE46D81C47205000274722 /* LaunchScreen.storyboard */ = {
			isa = PBXVariantGroup;
			children = (
				46BE46D91C47205000274722 /* Base */,
			);
			name = LaunchScreen.storyboard;
			sourceTree = "<group>";
		};
/* End PBXVariantGroup section */

/* Begin XCBuildConfiguration section */
		46BE46DC1C47205000274722 /* Debug */ = {
			isa = XCBuildConfiguration;
			buildSettings = {
				ALWAYS_SEARCH_USER_PATHS = NO;
				CLANG_CXX_LANGUAGE_STANDARD = "gnu++0x";
				CLANG_CXX_LIBRARY = "libc++";
				CLANG_ENABLE_MODULES = YES;
				CLANG_ENABLE_OBJC_ARC = YES;
				CLANG_WARN_BOOL_CONVERSION = YES;
				CLANG_WARN_CONSTANT_CONVERSION = YES;
				CLANG_WARN_DIRECT_OBJC_ISA_USAGE = YES_ERROR;
				CLANG_WARN_EMPTY_BODY = YES;
				CLANG_WARN_ENUM_CONVERSION = YES;
				CLANG_WARN_INT_CONVERSION = YES;
				CLANG_WARN_OBJC_ROOT_CLASS = YES_ERROR;
				CLANG_WARN_UNREACHABLE_CODE = YES;
				CLANG_WARN__DUPLICATE_METHOD_MATCH = YES;
				"CODE_SIGN_IDENTITY[sdk=iphoneos*]" = "iPhone Developer";
				COPY_PHASE_STRIP = NO;
				DEBUG_INFORMATION_FORMAT = dwarf;
				ENABLE_STRICT_OBJC_MSGSEND = YES;
				ENABLE_TESTABILITY = YES;
				GCC_C_LANGUAGE_STANDARD = gnu99;
				GCC_DYNAMIC_NO_PIC = NO;
				GCC_NO_COMMON_BLOCKS = YES;
				GCC_OPTIMIZATION_LEVEL = 0;
				GCC_PREPROCESSOR_DEFINITIONS = (
					"DEBUG=1",
					"$(inherited)",
				);
				GCC_WARN_64_TO_32_BIT_CONVERSION = YES;
				GCC_WARN_ABOUT_RETURN_TYPE = YES_ERROR;
				GCC_WARN_UNDECLARED_SELECTOR = YES;
				GCC_WARN_UNINITIALIZED_AUTOS = YES_AGGRESSIVE;
				GCC_WARN_UNUSED_FUNCTION = YES;
				GCC_WARN_UNUSED_VARIABLE = YES;
				IPHONEOS_DEPLOYMENT_TARGET = 9.2;
				MTL_ENABLE_DEBUG_INFO = YES;
				ONLY_ACTIVE_ARCH = YES;
				SDKROOT = iphoneos;
				SWIFT_OPTIMIZATION_LEVEL = "-Onone";
			};
			name = Debug;
		};
		46BE46DD1C47205000274722 /* Release */ = {
			isa = XCBuildConfiguration;
			buildSettings = {
				ALWAYS_SEARCH_USER_PATHS = NO;
				CLANG_CXX_LANGUAGE_STANDARD = "gnu++0x";
				CLANG_CXX_LIBRARY = "libc++";
				CLANG_ENABLE_MODULES = YES;
				CLANG_ENABLE_OBJC_ARC = YES;
				CLANG_WARN_BOOL_CONVERSION = YES;
				CLANG_WARN_CONSTANT_CONVERSION = YES;
				CLANG_WARN_DIRECT_OBJC_ISA_USAGE = YES_ERROR;
				CLANG_WARN_EMPTY_BODY = YES;
				CLANG_WARN_ENUM_CONVERSION = YES;
				CLANG_WARN_INT_CONVERSION = YES;
				CLANG_WARN_OBJC_ROOT_CLASS = YES_ERROR;
				CLANG_WARN_UNREACHABLE_CODE = YES;
				CLANG_WARN__DUPLICATE_METHOD_MATCH = YES;
				"CODE_SIGN_IDENTITY[sdk=iphoneos*]" = "iPhone Developer";
				COPY_PHASE_STRIP = NO;
				DEBUG_INFORMATION_FORMAT = "dwarf-with-dsym";
				ENABLE_NS_ASSERTIONS = NO;
				ENABLE_STRICT_OBJC_MSGSEND = YES;
				GCC_C_LANGUAGE_STANDARD = gnu99;
				GCC_NO_COMMON_BLOCKS = YES;
				GCC_WARN_64_TO_32_BIT_CONVERSION = YES;
				GCC_WARN_ABOUT_RETURN_TYPE = YES_ERROR;
				GCC_WARN_UNDECLARED_SELECTOR = YES;
				GCC_WARN_UNINITIALIZED_AUTOS = YES_AGGRESSIVE;
				GCC_WARN_UNUSED_FUNCTION = YES;
				GCC_WARN_UNUSED_VARIABLE = YES;
				IPHONEOS_DEPLOYMENT_TARGET = 9.2;
				MTL_ENABLE_DEBUG_INFO = NO;
				SDKROOT = iphoneos;
				VALIDATE_PRODUCT = YES;
			};
			name = Release;
		};
		46BE46DF1C47205000274722 /* Debug */ = {
			isa = XCBuildConfiguration;
			buildSettings = {
				ASSETCATALOG_COMPILER_APPICON_NAME = AppIcon;
				INFOPLIST_FILE = spacecalc/Info.plist;
				LD_RUNPATH_SEARCH_PATHS = "$(inherited) @executable_path/Frameworks";
				PRODUCT_BUNDLE_IDENTIFIER = orangemelt.spacecalc;
				PRODUCT_NAME = "$(TARGET_NAME)";
			};
			name = Debug;
		};
		46BE46E01C47205000274722 /* Release */ = {
			isa = XCBuildConfiguration;
			buildSettings = {
				ASSETCATALOG_COMPILER_APPICON_NAME = AppIcon;
				INFOPLIST_FILE = spacecalc/Info.plist;
				LD_RUNPATH_SEARCH_PATHS = "$(inherited) @executable_path/Frameworks";
				PRODUCT_BUNDLE_IDENTIFIER = orangemelt.spacecalc;
				PRODUCT_NAME = "$(TARGET_NAME)";
			};
			name = Release;
		};
/* End XCBuildConfiguration section */

/* Begin XCConfigurationList section */
		46BE46C71C47205000274722 /* Build configuration list for PBXProject "spacecalc" */ = {
			isa = XCConfigurationList;
			buildConfigurations = (
				46BE46DC1C47205000274722 /* Debug */,
				46BE46DD1C47205000274722 /* Release */,
			);
			defaultConfigurationIsVisible = 0;
			defaultConfigurationName = Release;
		};
		46BE46DE1C47205000274722 /* Build configuration list for PBXNativeTarget "spacecalc" */ = {
			isa = XCConfigurationList;
			buildConfigurations = (
				46BE46DF1C47205000274722 /* Debug */,
				46BE46E01C47205000274722 /* Release */,
			);
			defaultConfigurationIsVisible = 0;
		};
/* End XCConfigurationList section */
	};
	rootObject = 46BE46C41C47205000274722 /* Project object */;
}
